
Microsoft Visual Studio Solution File, Format Version 12.00
# Visual Studio 15
VisualStudioVersion = 15.0.27130.2010
MinimumVisualStudioVersion = 10.0.40219.1
Project("{FAE04EC0-301F-11D3-BF4B-00C04F79EFBC}") = "Sandy_MVC_20190415_Q1", "Sandy_MVC_20190415_Q1\Sandy_MVC_20190415_Q1.csproj", "{62E7A6C5-1E9B-4A80-B511-E4EC76119A3D}"
EndProject
Global
	GlobalSection(SolutionConfigurationPlatforms) = preSolution
		Debug|Any CPU = Debug|Any CPU
		Release|Any CPU = Release|Any CPU
	EndGlobalSection
	GlobalSection(ProjectConfigurationPlatforms) = postSolution
		{62E7A6C5-1E9B-4A80-B511-E4EC76119A3D}.Debug|Any CPU.ActiveCfg = Debug|Any CPU
		{62E7A6C5-1E9B-4A80-B511-E4EC76119A3D}.Debug|Any CPU.Build.0 = Debug|Any CPU
		{62E7A6C5-1E9B-4A80-B511-E4EC76119A3D}.Release|Any CPU.ActiveCfg = Release|Any CPU
		{62E7A6C5-1E9B-4A80-B511-E4EC76119A3D}.Release|Any CPU.Build.0 = Release|Any CPU
	EndGlobalSection
	GlobalSection(SolutionProperties) = preSolution
		HideSolutionNode = FALSE
	EndGlobalSection
	GlobalSection(ExtensibilityGlobals) = postSolution
		SolutionGuid = {842F9F5B-FC4E-4789-8C09-5A2DE81FB30F}
	EndGlobalSection
EndGlobal
